
Microsoft Visual Studio Solution File, Format Version 12.00
# Visual Studio Version 16
VisualStudioVersion = 16.0.31911.196
MinimumVisualStudioVersion = 10.0.40219.1
Project("{FAE04EC0-301F-11D3-BF4B-00C04F79EFBC}") = "ConsoleAnalogueClock", "ConsoleAnalogueClock\ConsoleAnalogueClock.csproj", "{4E1B81DF-C8C3-4211-9461-5164BEC5716C}"
EndProject
Global
	GlobalSection(SolutionConfigurationPlatforms) = preSolution
		Debug|Any CPU = Debug|Any CPU
		Release|Any CPU = Release|Any CPU
	EndGlobalSection
	GlobalSection(ProjectConfigurationPlatforms) = postSolution
		{4E1B81DF-C8C3-4211-9461-5164BEC5716C}.Debug|Any CPU.ActiveCfg = Debug|Any CPU
		{4E1B81DF-C8C3-4211-9461-5164BEC5716C}.Debug|Any CPU.Build.0 = Debug|Any CPU
		{4E1B81DF-C8C3-4211-9461-5164BEC5716C}.Release|Any CPU.ActiveCfg = Release|Any CPU
		{4E1B81DF-C8C3-4211-9461-5164BEC5716C}.Release|Any CPU.Build.0 = Release|Any CPU
	EndGlobalSection
	GlobalSection(SolutionProperties) = preSolution
		HideSolutionNode = FALSE
	EndGlobalSection
	GlobalSection(ExtensibilityGlobals) = postSolution
		SolutionGuid = {78D9CAD3-24EF-4259-A76B-34A6A3D5B866}
	EndGlobalSection
EndGlobal
